
Microsoft Visual Studio Solution File, Format Version 12.00
# Visual Studio Version 17
VisualStudioVersion = 17.9.34714.143
MinimumVisualStudioVersion = 10.0.40219.1
Project("{9A19103F-16F7-4668-BE54-9A1E7A4F7556}") = "DataAccess", "DataAccess\DataAccess.csproj", "{D4D18633-05D9-4D25-AB72-BF7EB713D28D}"
EndProject
Project("{9A19103F-16F7-4668-BE54-9A1E7A4F7556}") = "Business", "Business\Business.csproj", "{4005851D-AE64-4EEA-AC4B-8506FC5AB8A4}"
EndProject
Project("{9A19103F-16F7-4668-BE54-9A1E7A4F7556}") = "Entities", "Entities\Entities.csproj", "{0264E337-97B4-40CB-B3FF-0DB0BA4D6F13}"
EndProject
Project("{9A19103F-16F7-4668-BE54-9A1E7A4F7556}") = "ConsoleUI", "ConsoleUI\ConsoleUI.csproj", "{D73D3320-B6B2-4B27-957D-EA98455B1E37}"
EndProject
Project("{9A19103F-16F7-4668-BE54-9A1E7A4F7556}") = "Core", "Core\Core.csproj", "{EA70627C-95EF-4B8E-8595-62769E0575AB}"
EndProject
Project("{9A19103F-16F7-4668-BE54-9A1E7A4F7556}") = "WebAPI", "WebAPI\WebAPI.csproj", "{B5DE469F-EBC5-459B-96E3-BC8EE1BEB5BE}"
	ProjectSection(ProjectDependencies) = postProject
		{4005851D-AE64-4EEA-AC4B-8506FC5AB8A4} = {4005851D-AE64-4EEA-AC4B-8506FC5AB8A4}
		{D4D18633-05D9-4D25-AB72-BF7EB713D28D} = {D4D18633-05D9-4D25-AB72-BF7EB713D28D}
		{EA70627C-95EF-4B8E-8595-62769E0575AB} = {EA70627C-95EF-4B8E-8595-62769E0575AB}
	EndProjectSection
EndProject
Global
	GlobalSection(SolutionConfigurationPlatforms) = preSolution
		Debug|Any CPU = Debug|Any CPU
		Release|Any CPU = Release|Any CPU
	EndGlobalSection
	GlobalSection(ProjectConfigurationPlatforms) = postSolution
		{D4D18633-05D9-4D25-AB72-BF7EB713D28D}.Debug|Any CPU.ActiveCfg = Debug|Any CPU
		{D4D18633-05D9-4D25-AB72-BF7EB713D28D}.Debug|Any CPU.Build.0 = Debug|Any CPU
		{D4D18633-05D9-4D25-AB72-BF7EB713D28D}.Release|Any CPU.ActiveCfg = Release|Any CPU
		{D4D18633-05D9-4D25-AB72-BF7EB713D28D}.Release|Any CPU.Build.0 = Release|Any CPU
		{4005851D-AE64-4EEA-AC4B-8506FC5AB8A4}.Debug|Any CPU.ActiveCfg = Debug|Any CPU
		{4005851D-AE64-4EEA-AC4B-8506FC5AB8A4}.Debug|Any CPU.Build.0 = Debug|Any CPU
		{4005851D-AE64-4EEA-AC4B-8506FC5AB8A4}.Release|Any CPU.ActiveCfg = Release|Any CPU
		{4005851D-AE64-4EEA-AC4B-8506FC5AB8A4}.Release|Any CPU.Build.0 = Release|Any CPU
		{0264E337-97B4-40CB-B3FF-0DB0BA4D6F13}.Debug|Any CPU.ActiveCfg = Debug|Any CPU
		{0264E337-97B4-40CB-B3FF-0DB0BA4D6F13}.Debug|Any CPU.Build.0 = Debug|Any CPU
		{0264E337-97B4-40CB-B3FF-0DB0BA4D6F13}.Release|Any CPU.ActiveCfg = Release|Any CPU
		{0264E337-97B4-40CB-B3FF-0DB0BA4D6F13}.Release|Any CPU.Build.0 = Release|Any CPU
		{D73D3320-B6B2-4B27-957D-EA98455B1E37}.Debug|Any CPU.ActiveCfg = Debug|Any CPU
		{D73D3320-B6B2-4B27-957D-EA98455B1E37}.Debug|Any CPU.Build.0 = Debug|Any CPU
		{D73D3320-B6B2-4B27-957D-EA98455B1E37}.Release|Any CPU.ActiveCfg = Release|Any CPU
		{D73D3320-B6B2-4B27-957D-EA98455B1E37}.Release|Any CPU.Build.0 = Release|Any CPU
		{EA70627C-95EF-4B8E-8595-62769E0575AB}.Debug|Any CPU.ActiveCfg = Debug|Any CPU
		{EA70627C-95EF-4B8E-8595-62769E0575AB}.Debug|Any CPU.Build.0 = Debug|Any CPU
		{EA70627C-95EF-4B8E-8595-62769E0575AB}.Release|Any CPU.ActiveCfg = Release|Any CPU
		{EA70627C-95EF-4B8E-8595-62769E0575AB}.Release|Any CPU.Build.0 = Release|Any CPU
		{B5DE469F-EBC5-459B-96E3-BC8EE1BEB5BE}.Debug|Any CPU.ActiveCfg = Debug|Any CPU
		{B5DE469F-EBC5-459B-96E3-BC8EE1BEB5BE}.Debug|Any CPU.Build.0 = Debug|Any CPU
		{B5DE469F-EBC5-459B-96E3-BC8EE1BEB5BE}.Release|Any CPU.ActiveCfg = Release|Any CPU
		{B5DE469F-EBC5-459B-96E3-BC8EE1BEB5BE}.Release|Any CPU.Build.0 = Release|Any CPU
	EndGlobalSection
	GlobalSection(SolutionProperties) = preSolution
		HideSolutionNode = FALSE
	EndGlobalSection
	GlobalSection(ExtensibilityGlobals) = postSolution
		SolutionGuid = {4EBD4ED5-8CF4-43CC-AD35-508DB346FCE7}
	EndGlobalSection
EndGlobal
